{
  "nodes": {
    "dox": {
      "flake": false,
      "locked": {
        "lastModified": 1677476658,
        "narHash": "sha256-wgSo79ik67Mv0OGm1oHX/k5i2Wkh0e3BmecjBEWgejI=",
        "owner": "HaxeFoundation",
        "repo": "dox",
        "rev": "1f18affc3093d22e9d4f0affbb9d17c6e9c176b9",
        "type": "github"
      },
      "original": {
        "owner": "HaxeFoundation",
        "repo": "dox",
        "type": "github"
      }
    },
    "formatter": {
      "flake": false,
      "locked": {
        "lastModified": 1693940992,
        "narHash": "sha256-5Bz/07weTd0gsX7uyvtfZKJmBb1V0vGJyFpO8c5uxlM=",
        "owner": "HaxeCheckstyle",
        "repo": "haxe-formatter",
        "rev": "40e38839fe4b3d5c601e019fff247f4efc89baf1",
        "type": "github"
      },
      "original": {
        "owner": "HaxeCheckstyle",
        "repo": "haxe-formatter",
        "type": "github"
      }
    },
    "hashlink": {
      "flake": false,
      "locked": {
        "lastModified": 1699632751,
        "narHash": "sha256-eby2SrbycqQy5IVn+hBncpClmpFN333EK+2dlBqys8U=",
        "owner": "HaxeFoundation",
        "repo": "hashlink",
        "rev": "a502906ce5d701987f3b83a709ebd35251077114",
        "type": "github"
      },
      "original": {
        "owner": "HaxeFoundation",
        "ref": "refs/tags/latest",
        "repo": "hashlink",
        "type": "github"
      }
    },
    "haxe": {
      "flake": false,
      "locked": {
        "lastModified": 1699861259,
        "narHash": "sha256-xTGTmY6zyJp8L9JXCV9xAF6sj2AF7BzVFUGDIStvYlQ=",
        "ref": "development",
        "rev": "c6a8b2051cf6e4caf14948b52708d02c988eb2ce",
        "revCount": 20909,
        "submodules": true,
        "type": "git",
        "url": "https://github.com/HaxeFoundation/haxe.git"
      },
      "original": {
        "ref": "development",
        "submodules": true,
        "type": "git",
        "url": "https://github.com/HaxeFoundation/haxe.git"
      }
    },
    "haxe_format": {
      "flake": false,
      "locked": {
        "lastModified": 1694508446,
        "narHash": "sha256-i8ZpU0/j9v505QagjBAMva202rkY5+QVex2paw2gRWk=",
        "owner": "HaxeFoundation",
        "repo": "format",
        "rev": "39787764801f9e02c5b5ed771490e767a5488e65",
        "type": "github"
      },
      "original": {
        "owner": "HaxeFoundation",
        "repo": "format",
        "type": "github"
      }
    },
    "heaps": {
      "flake": false,
      "locked": {
        "lastModified": 1699622468,
        "narHash": "sha256-EjJhK24twboZBF9C6Tm7y5UevNERx8B40DdJ6Nk+c38=",
        "owner": "HeapsIO",
        "repo": "heaps",
        "rev": "9aa57f378240b50de0bd1a73df0a695086c3cd83",
        "type": "github"
      },
      "original": {
        "owner": "HeapsIO",
        "repo": "heaps",
        "type": "github"
      }
    },
    "hxcpp": {
      "flake": false,
      "locked": {
        "lastModified": 1698505597,
        "narHash": "sha256-wxuos18IqM26cFs0dWp8vLcvg1SwTB7VmZT0g6UZ9mc=",
        "owner": "HaxeFoundation",
        "repo": "hxcpp",
        "rev": "b8ee1792525c61c42b0f2815a94ff0d87faebd32",
        "type": "github"
      },
      "original": {
        "owner": "HaxeFoundation",
        "ref": "refs/tags/v4.3.15",
        "repo": "hxcpp",
        "type": "github"
      }
    },
    "nixpkgs": {
      "locked": {
        "lastModified": 1699725108,
        "narHash": "sha256-NTiPW4jRC+9puakU4Vi8WpFEirhp92kTOSThuZke+FA=",
        "owner": "NixOS",
        "repo": "nixpkgs",
        "rev": "911ad1e67f458b6bcf0278fa85e33bb9924fed7e",
        "type": "github"
      },
      "original": {
        "owner": "NixOS",
        "ref": "nixpkgs-unstable",
        "repo": "nixpkgs",
        "type": "github"
      }
    },
    "nixpkgs-darwin": {
      "locked": {
        "lastModified": 1699785518,
        "narHash": "sha256-QywAQ3A4dMHt1NTbHIFMXZ+bknza+JJpjxbDi5ud2+Y=",
        "owner": "NixOS",
        "repo": "nixpkgs",
        "rev": "971ac8319468c5cfa05653f6b95d7174614720f9",
        "type": "github"
      },
      "original": {
        "owner": "NixOS",
        "ref": "nixpkgs-23.05-darwin",
        "repo": "nixpkgs",
        "type": "github"
      }
    },
    "raylib": {
      "flake": false,
      "locked": {
        "lastModified": 1679157424,
        "narHash": "sha256-Uqqzq5shDp0AgSBT5waHBNUkEu0LRj70SNOlR5R2yAM=",
        "owner": "raysan5",
        "repo": "raylib",
        "rev": "fec96137e8d10ee6c88914fbe5e5429c13ee1dac",
        "type": "github"
      },
      "original": {
        "owner": "raysan5",
        "ref": "refs/tags/4.5.0",
        "repo": "raylib",
        "type": "github"
      }
    },
    "raylib-hx": {
      "flake": false,
      "locked": {
        "lastModified": 1698577074,
        "narHash": "sha256-WTr5opyfsyNjQP6iL+h+PeJo8bxVVJ+LHL3rP0YGfTY=",
        "owner": "foreignsasquatch",
        "repo": "raylib-hx",
        "rev": "98671f954528ef19f6da1808c3809ca351b5d834",
        "type": "github"
      },
      "original": {
        "owner": "foreignsasquatch",
        "repo": "raylib-hx",
        "type": "github"
      }
    },
    "root": {
      "inputs": {
        "dox": "dox",
        "formatter": "formatter",
        "hashlink": "hashlink",
        "haxe": "haxe",
        "haxe_format": "haxe_format",
        "heaps": "heaps",
        "hxcpp": "hxcpp",
        "nixpkgs": "nixpkgs",
        "nixpkgs-darwin": "nixpkgs-darwin",
        "raylib": "raylib",
        "raylib-hx": "raylib-hx"
      }
    }
  },
  "root": "root",
  "version": 7
}
